<?xml version="1.0" encoding="utf-8"?>
<Project ToolsVersion="4.0" xmlns="http://schemas.microsoft.com/developer/msbuild/2003">
  <ItemGroup>
    <Filter Include="Source Files">
      <UniqueIdentifier>{4FC737F1-C7A5-4376-A066-2A32D752A2FF}</UniqueIdentifier>
      <Extensions>cpp;c;cc;cxx;c++;cppm;ixx;def;odl;idl;hpj;bat;asm;asmx</Extensions>
    </Filter>
    <Filter Include="Header Files">
      <UniqueIdentifier>{93995380-89BD-4b04-88EB-625FBE52EBFB}</UniqueIdentifier>
      <Extensions>h;hh;hpp;hxx;h++;hm;inl;inc;ipp;xsd</Extensions>
    </Filter>
    <Filter Include="Resource Files">
      <UniqueIdentifier>{67DA6AB6-F800-4c08-8B7A-83BB121AAD01}</UniqueIdentifier>
      <Extensions>rc;ico;cur;bmp;dlg;rc2;rct;bin;rgs;gif;jpg;jpeg;jpe;resx;tiff;tif;png;wav;mfcribbon-ms</Extensions>
    </Filter>
  </ItemGroup>
  <ItemGroup>
    <ClCompile Include="console_screen.c">
      <Filter>Source Files</Filter>
    </ClCompile>
    <ClCompile Include="main.c">
      <Filter>Source Files</Filter>
    </ClCompile>
    <ClCompile Include="polygon.c">
      <Filter>Source Files</Filter>
    </ClCompile>
    <ClCompile Include="convert_screen.c">
      <Filter>Source Files</Filter>
    </ClCompile>
    <ClCompile Include="player.c">
      <Filter>Source Files</Filter>
    </ClCompile>
    <ClCompile Include="draw_circle.c">
      <Filter>Source Files</Filter>
    </ClCompile>
    <ClCompile Include="affine_math.c">
      <Filter>Source Files</Filter>
    </ClCompile>
    <ClCompile Include="consolGL.c">
      <Filter>Source Files</Filter>
    </ClCompile>
    <ClCompile Include="draw_sphere.c">
      <Filter>Source Files</Filter>
    </ClCompile>
    <ClCompile Include="z_buffer_screen.c">
      <Filter>Source Files</Filter>
    </ClCompile>
    <ClCompile Include="model_object.c">
      <Filter>Source Files</Filter>
    </ClCompile>
    <ClCompile Include="accident.c">
      <Filter>Source Files</Filter>
    </ClCompile>
  </ItemGroup>
  <ItemGroup>
    <ClInclude Include="console_screen.h">
      <Filter>Header Files</Filter>
    </ClInclude>
    <ClInclude Include="polygon.h">
      <Filter>Header Files</Filter>
    </ClInclude>
    <ClInclude Include="def.h">
      <Filter>Header Files</Filter>
    </ClInclude>
    <ClInclude Include="convert_screen.h">
      <Filter>Header Files</Filter>
    </ClInclude>
    <ClInclude Include="draw_circle.h">
      <Filter>Header Files</Filter>
    </ClInclude>
    <ClInclude Include="player.h">
      <Filter>Header Files</Filter>
    </ClInclude>
    <ClInclude Include="draw_sphere.h">
      <Filter>Header Files</Filter>
    </ClInclude>
    <ClInclude Include="z_buffer_screen.h">
      <Filter>Header Files</Filter>
    </ClInclude>
    <ClInclude Include="affine_math.h">
      <Filter>Header Files</Filter>
    </ClInclude>
    <ClInclude Include="consolGL.h">
      <Filter>Header Files</Filter>
    </ClInclude>
    <ClInclude Include="model_object.h">
      <Filter>Header Files</Filter>
    </ClInclude>
    <ClInclude Include="accident.h">
      <Filter>Header Files</Filter>
    </ClInclude>
  </ItemGroup>
  <ItemGroup>
    <None Include="sphere_model.object">
      <Filter>Resource Files</Filter>
    </None>
    <None Include="spike_sphere_model.object">
      <Filter>Resource Files</Filter>
    </None>
  </ItemGroup>
  <ItemGroup>
    <Text Include="cube_src.txt">
      <Filter>Resource Files</Filter>
    </Text>
  </ItemGroup>
</Project>